{
  "name": "list-css-classes",
  "version": "1.18.0",
  "lockfileVersion": 2,
  "requires": true,
  "packages": {
    "": {
      "version": "1.18.0",
      "license": "MIT",
      "dependencies": {
        "css-selector-parser": "^1.2.0",
        "postcss": "^8.4.6",
        "traverse": "^0.6.6"
      },
      "devDependencies": {}
    },
    "node_modules/css-selector-parser": {
      "version": "1.4.1",
      "resolved": "https://registry.npmjs.org/css-selector-parser/-/css-selector-parser-1.4.1.tgz",
      "integrity": "sha512-HYPSb7y/Z7BNDCOrakL4raGO2zltZkbeXyAd6Tg9obzix6QhzxCotdBl6VT0Dv4vZfJGVz3WL/xaEI9Ly3ul0g=="
    },
    "node_modules/nanoid": {
      "version": "3.3.7",
      "resolved": "https://registry.npmjs.org/nanoid/-/nanoid-3.3.7.tgz",
      "integrity": "sha512-eSRppjcPIatRIMC1U6UngP8XFcz8MQWGQdt1MTBQ7NaAmvXDfvNxbvWV3x2y6CdEUciCSsDHDQZbhYaB8QEo2g==",
      "funding": [
        {
          "type": "github",
          "url": "https://github.com/sponsors/ai"
        }
      ],
      "bin": {
        "nanoid": "bin/nanoid.cjs"
      },
      "engines": {
        "node": "^10 || ^12 || ^13.7 || ^14 || >=15.0.1"
      }
    },
    "node_modules/picocolors": {
      "version": "1.0.0",
      "resolved": "https://registry.npmjs.org/picocolors/-/picocolors-1.0.0.tgz",
      "integrity": "sha512-1fygroTLlHu66zi26VoTDv8yRgm0Fccecssto+MhsZ0D/DGW2sm8E8AjW7NU5VVTRt5GxbeZ5qBuJr+HyLYkjQ=="
    },
    "node_modules/postcss": {
      "version": "8.4.31",
      "resolved": "https://registry.npmjs.org/postcss/-/postcss-8.4.31.tgz",
      "integrity": "sha512-PS08Iboia9mts/2ygV3eLpY5ghnUcfLV/EXTOW1E2qYxJKGGBUtNjN76FYHnMs36RmARn41bC0AZmn+rR0OVpQ==",
      "funding": [
        {
          "type": "opencollective",
          "url": "https://opencollective.com/postcss/"
        },
        {
          "type": "tidelift",
          "url": "https://tidelift.com/funding/github/npm/postcss"
        },
        {
          "type": "github",
          "url": "https://github.com/sponsors/ai"
        }
      ],
      "dependencies": {
        "nanoid": "^3.3.6",
        "picocolors": "^1.0.0",
        "source-map-js": "^1.0.2"
      },
      "engines": {
        "node": "^10 || ^12 || >=14"
      }
    },
    "node_modules/source-map-js": {
      "version": "1.0.2",
      "resolved": "https://registry.npmjs.org/source-map-js/-/source-map-js-1.0.2.tgz",
      "integrity": "sha512-R0XvVJ9WusLiqTCEiGCmICCMplcCkIwwR11mOSD9CR5u+IXYdiseeEuXCVAjS54zqwkLcPNnmU4OeJ6tUrWhDw==",
      "engines": {
        "node": ">=0.10.0"
      }
    },
    "node_modules/traverse": {
      "version": "0.6.7",
      "resolved": "https://registry.npmjs.org/traverse/-/traverse-0.6.7.tgz",
      "integrity": "sha512-/y956gpUo9ZNCb99YjxG7OaslxZWHfCHAUUfshwqOXmxUIvqLjVO581BT+gM59+QV9tFe6/CGG53tsA1Y7RSdg==",
      "funding": {
        "url": "https://github.com/sponsors/ljharb"
      }
    }
  },
  "dependencies": {
    "css-selector-parser": {
      "version": "1.4.1",
      "resolved": "https://registry.npmjs.org/css-selector-parser/-/css-selector-parser-1.4.1.tgz",
      "integrity": "sha512-HYPSb7y/Z7BNDCOrakL4raGO2zltZkbeXyAd6Tg9obzix6QhzxCotdBl6VT0Dv4vZfJGVz3WL/xaEI9Ly3ul0g=="
    },
    "nanoid": {
      "version": "3.3.7",
      "resolved": "https://registry.npmjs.org/nanoid/-/nanoid-3.3.7.tgz",
      "integrity": "sha512-eSRppjcPIatRIMC1U6UngP8XFcz8MQWGQdt1MTBQ7NaAmvXDfvNxbvWV3x2y6CdEUciCSsDHDQZbhYaB8QEo2g=="
    },
    "picocolors": {
      "version": "1.0.0",
      "resolved": "https://registry.npmjs.org/picocolors/-/picocolors-1.0.0.tgz",
      "integrity": "sha512-1fygroTLlHu66zi26VoTDv8yRgm0Fccecssto+MhsZ0D/DGW2sm8E8AjW7NU5VVTRt5GxbeZ5qBuJr+HyLYkjQ=="
    },
    "postcss": {
      "version": "8.4.31",
      "resolved": "https://registry.npmjs.org/postcss/-/postcss-8.4.31.tgz",
      "integrity": "sha512-PS08Iboia9mts/2ygV3eLpY5ghnUcfLV/EXTOW1E2qYxJKGGBUtNjN76FYHnMs36RmARn41bC0AZmn+rR0OVpQ==",
      "requires": {
        "nanoid": "^3.3.6",
        "picocolors": "^1.0.0",
        "source-map-js": "^1.0.2"
      }
    },
    "source-map-js": {
      "version": "1.0.2",
      "resolved": "https://registry.npmjs.org/source-map-js/-/source-map-js-1.0.2.tgz",
      "integrity": "sha512-R0XvVJ9WusLiqTCEiGCmICCMplcCkIwwR11mOSD9CR5u+IXYdiseeEuXCVAjS54zqwkLcPNnmU4OeJ6tUrWhDw=="
    },
    "traverse": {
      "version": "0.6.7",
      "resolved": "https://registry.npmjs.org/traverse/-/traverse-0.6.7.tgz",
      "integrity": "sha512-/y956gpUo9ZNCb99YjxG7OaslxZWHfCHAUUfshwqOXmxUIvqLjVO581BT+gM59+QV9tFe6/CGG53tsA1Y7RSdg=="
    }
  }
}
